
Microsoft Visual Studio Solution File, Format Version 12.00
# Visual Studio Version 17
VisualStudioVersion = 17.8.34525.116
MinimumVisualStudioVersion = 10.0.40219.1
Project("{FAE04EC0-301F-11D3-BF4B-00C04F79EFBC}") = "SiliconApi", "SiliconApi\SiliconApi.csproj", "{6A523A6D-3236-43B3-AB08-663B02A5A35A}"
EndProject
Project("{FAE04EC0-301F-11D3-BF4B-00C04F79EFBC}") = "Siliconweb", "Siliconweb\Siliconweb.csproj", "{BFC1D286-ADF6-47CC-95A1-E0D8540EA3FD}"
EndProject
Global
	GlobalSection(SolutionConfigurationPlatforms) = preSolution
		Debug|Any CPU = Debug|Any CPU
		Release|Any CPU = Release|Any CPU
	EndGlobalSection
	GlobalSection(ProjectConfigurationPlatforms) = postSolution
		{6A523A6D-3236-43B3-AB08-663B02A5A35A}.Debug|Any CPU.ActiveCfg = Debug|Any CPU
		{6A523A6D-3236-43B3-AB08-663B02A5A35A}.Debug|Any CPU.Build.0 = Debug|Any CPU
		{6A523A6D-3236-43B3-AB08-663B02A5A35A}.Release|Any CPU.ActiveCfg = Release|Any CPU
		{6A523A6D-3236-43B3-AB08-663B02A5A35A}.Release|Any CPU.Build.0 = Release|Any CPU
		{BFC1D286-ADF6-47CC-95A1-E0D8540EA3FD}.Debug|Any CPU.ActiveCfg = Debug|Any CPU
		{BFC1D286-ADF6-47CC-95A1-E0D8540EA3FD}.Debug|Any CPU.Build.0 = Debug|Any CPU
		{BFC1D286-ADF6-47CC-95A1-E0D8540EA3FD}.Release|Any CPU.ActiveCfg = Release|Any CPU
		{BFC1D286-ADF6-47CC-95A1-E0D8540EA3FD}.Release|Any CPU.Build.0 = Release|Any CPU
	EndGlobalSection
	GlobalSection(SolutionProperties) = preSolution
		HideSolutionNode = FALSE
	EndGlobalSection
	GlobalSection(ExtensibilityGlobals) = postSolution
		SolutionGuid = {F02136E3-1ECF-42B5-ACF3-BF4F8158EF31}
	EndGlobalSection
EndGlobal
